{
  "name": "lambda",
  "version": "1.0.0",
  "lockfileVersion": 3,
  "requires": true,
  "packages": {
    "": {
      "name": "lambda",
      "version": "1.0.0",
      "license": "MIT",
      "dependencies": {
        "dkwshd": "file:../common-lib"
      }
    },
    "../common-lib": {
      "version": "1.0.0",
      "license": "MIT",
      "devDependencies": {
        "eslint": "^8.57.0",
        "eslint-config-semistandard": "^17.0.0",
        "eslint-plugin-jest": "^28.6.0",
        "husky": "^9.1.1",
        "jest": "^29.7.0",
        "lint-staged": "^15.2.7"
      }
    },
    "node_modules/dkwshd": {
      "resolved": "../common-lib",
      "link": true
    }
  }
}
